
Microsoft Visual Studio Solution File, Format Version 12.00
# Visual Studio 15
Project("{FAE04EC0-301F-11D3-BF4B-00C04F79EFBC}") = "UnityEngine.TestRunner", "UnityEngine.TestRunner.csproj", "{0F75EA05-B4C8-ABBF-7B28-62666D3C66E7}"
EndProject
Project("{FAE04EC0-301F-11D3-BF4B-00C04F79EFBC}") = "Unity.VisualScripting.Flow", "Unity.VisualScripting.Flow.csproj", "{A626B7B5-7652-898C-8512-7D9B9648409F}"
EndProject
Project("{FAE04EC0-301F-11D3-BF4B-00C04F79EFBC}") = "Unity.Mathematics", "Unity.Mathematics.csproj", "{472165C2-299A-E2E2-256F-048E2F0D4E79}"
EndProject
Project("{FAE04EC0-301F-11D3-BF4B-00C04F79EFBC}") = "Unity.VisualScripting.State", "Unity.VisualScripting.State.csproj", "{97995C23-689C-8BEA-10AA-3C9829E77D3E}"
EndProject
Project("{FAE04EC0-301F-11D3-BF4B-00C04F79EFBC}") = "Unity.VisualScripting.Core", "Unity.VisualScripting.Core.csproj", "{1C25AA80-5D69-1C71-D100-CB486238D599}"
EndProject
Project("{FAE04EC0-301F-11D3-BF4B-00C04F79EFBC}") = "Unity.2D.Animation.Runtime", "Unity.2D.Animation.Runtime.csproj", "{EC5D895B-CE7D-64F4-B241-3AFC33D25EFC}"
EndProject
Project("{FAE04EC0-301F-11D3-BF4B-00C04F79EFBC}") = "Unity.TextMeshPro", "Unity.TextMeshPro.csproj", "{EB908A11-BDED-8916-4EDC-00DD23D0089B}"
EndProject
Project("{FAE04EC0-301F-11D3-BF4B-00C04F79EFBC}") = "Unity.Timeline", "Unity.Timeline.csproj", "{EBFFF2D4-6561-E854-5978-9A37956A97D8}"
EndProject
Project("{FAE04EC0-301F-11D3-BF4B-00C04F79EFBC}") = "Assembly-CSharp", "Assembly-CSharp.csproj", "{CFCF7507-78B0-C2B6-0C67-FFFFDCAFD5FA}"
EndProject
Project("{FAE04EC0-301F-11D3-BF4B-00C04F79EFBC}") = "Unity.Burst", "Unity.Burst.csproj", "{D5BA0B87-BD62-B9A2-5056-560AA71A734D}"
EndProject
Project("{FAE04EC0-301F-11D3-BF4B-00C04F79EFBC}") = "Unity.2D.SpriteShape.Runtime", "Unity.2D.SpriteShape.Runtime.csproj", "{B2B0BE31-91CE-F0BE-E6DD-1BF42B3E1816}"
EndProject
Project("{FAE04EC0-301F-11D3-BF4B-00C04F79EFBC}") = "Unity.2D.PixelPerfect", "Unity.2D.PixelPerfect.csproj", "{31FAB445-FC6F-5E57-02AB-71FBFCCB5574}"
EndProject
Project("{FAE04EC0-301F-11D3-BF4B-00C04F79EFBC}") = "Unity.2D.Common.Runtime", "Unity.2D.Common.Runtime.csproj", "{CEC56F7A-DD17-8931-F3CB-5DEF2E1EC34D}"
EndProject
Project("{FAE04EC0-301F-11D3-BF4B-00C04F79EFBC}") = "Unity.2D.IK.Runtime", "Unity.2D.IK.Runtime.csproj", "{D052478F-5033-F1D7-B4E3-CE06908A3AD6}"
EndProject
Project("{FAE04EC0-301F-11D3-BF4B-00C04F79EFBC}") = "Unity.2D.Tilemap.Extras", "Unity.2D.Tilemap.Extras.csproj", "{AF114435-19E9-9D69-091E-5DF74074EA58}"
EndProject
Project("{FAE04EC0-301F-11D3-BF4B-00C04F79EFBC}") = "Unity.InternalAPIEngineBridge.001", "Unity.InternalAPIEngineBridge.001.csproj", "{2626396C-461E-E4BA-5A07-C9AD90D770DB}"
EndProject
Project("{FAE04EC0-301F-11D3-BF4B-00C04F79EFBC}") = "Unity.PlasticSCM.Editor", "Unity.PlasticSCM.Editor.csproj", "{5FC94124-438B-CF77-A84A-CD2FC8A2D25E}"
EndProject
Project("{FAE04EC0-301F-11D3-BF4B-00C04F79EFBC}") = "Unity.VisualScripting.Core.Editor", "Unity.VisualScripting.Core.Editor.csproj", "{CD6A6AF8-C75F-B429-A06C-8D2304C6F376}"
EndProject
Project("{FAE04EC0-301F-11D3-BF4B-00C04F79EFBC}") = "Unity.VisualScripting.Flow.Editor", "Unity.VisualScripting.Flow.Editor.csproj", "{36F0F3AE-BEC1-3B87-D048-C6DAA806560A}"
EndProject
Project("{FAE04EC0-301F-11D3-BF4B-00C04F79EFBC}") = "Unity.2D.Aseprite.Editor", "Unity.2D.Aseprite.Editor.csproj", "{1460183D-21D6-E334-6EC4-D2DC6E8218D6}"
EndProject
Project("{FAE04EC0-301F-11D3-BF4B-00C04F79EFBC}") = "Unity.VisualStudio.Editor", "Unity.VisualStudio.Editor.csproj", "{158BAC9D-DDC5-A257-FCA0-8E99E850644C}"
EndProject
Project("{FAE04EC0-301F-11D3-BF4B-00C04F79EFBC}") = "Unity.Timeline.Editor", "Unity.Timeline.Editor.csproj", "{9B75B939-44A4-9F0A-AD7E-1D264EAF470E}"
EndProject
Project("{FAE04EC0-301F-11D3-BF4B-00C04F79EFBC}") = "Unity.Burst.CodeGen", "Unity.Burst.CodeGen.csproj", "{7705E95D-1845-6269-4B9F-F518FACDDF94}"
EndProject
Project("{FAE04EC0-301F-11D3-BF4B-00C04F79EFBC}") = "Unity.VisualScripting.State.Editor", "Unity.VisualScripting.State.Editor.csproj", "{49B157F6-DE1B-3C86-F4BB-21CB416C3FD6}"
EndProject
Project("{FAE04EC0-301F-11D3-BF4B-00C04F79EFBC}") = "Unity.TextMeshPro.Editor", "Unity.TextMeshPro.Editor.csproj", "{80430A6D-5474-7D3E-2278-30194A86F82E}"
EndProject
Project("{FAE04EC0-301F-11D3-BF4B-00C04F79EFBC}") = "Unity.Burst.Editor", "Unity.Burst.Editor.csproj", "{F9AD89AF-78A5-37F0-7155-5DA6176BF441}"
EndProject
Project("{FAE04EC0-301F-11D3-BF4B-00C04F79EFBC}") = "Unity.2D.PixelPerfect.Editor", "Unity.2D.PixelPerfect.Editor.csproj", "{EEA56F63-A0FE-D880-A886-224190A37679}"
EndProject
Project("{FAE04EC0-301F-11D3-BF4B-00C04F79EFBC}") = "Unity.2D.Animation.Editor", "Unity.2D.Animation.Editor.csproj", "{F552B9B5-232B-4C1A-9FEC-31663355C569}"
EndProject
Project("{FAE04EC0-301F-11D3-BF4B-00C04F79EFBC}") = "Unity.VisualScripting.SettingsProvider.Editor", "Unity.VisualScripting.SettingsProvider.Editor.csproj", "{57D854E4-734F-393B-9AFC-65CED33549F1}"
EndProject
Project("{FAE04EC0-301F-11D3-BF4B-00C04F79EFBC}") = "Unity.2D.Psdimporter.Editor", "Unity.2D.Psdimporter.Editor.csproj", "{9B49274C-9631-08CE-40D9-A67A17C025BF}"
EndProject
Project("{FAE04EC0-301F-11D3-BF4B-00C04F79EFBC}") = "UnityEditor.TestRunner", "UnityEditor.TestRunner.csproj", "{87CDBC08-0C85-15A6-8B39-D5C421631B05}"
EndProject
Project("{FAE04EC0-301F-11D3-BF4B-00C04F79EFBC}") = "Unity.Rider.Editor", "Unity.Rider.Editor.csproj", "{28730055-70F0-B525-3AC6-DE3FF04757A6}"
EndProject
Project("{FAE04EC0-301F-11D3-BF4B-00C04F79EFBC}") = "Unity.2D.Path.Editor", "Unity.2D.Path.Editor.csproj", "{20655C5A-E1BE-760E-46C1-E2727DA32C82}"
EndProject
Project("{FAE04EC0-301F-11D3-BF4B-00C04F79EFBC}") = "PsdPlugin", "PsdPlugin.csproj", "{D3315870-EB90-6304-9CFC-B57A51369CF2}"
EndProject
Project("{FAE04EC0-301F-11D3-BF4B-00C04F79EFBC}") = "Unity.2D.IK.Editor", "Unity.2D.IK.Editor.csproj", "{268AC1F4-0FAA-3A2F-EF9F-2EF08C58321A}"
EndProject
Project("{FAE04EC0-301F-11D3-BF4B-00C04F79EFBC}") = "Unity.2D.SpriteShape.Editor", "Unity.2D.SpriteShape.Editor.csproj", "{28B79D52-33AC-3714-58D3-8F4A3A07CA11}"
EndProject
Project("{FAE04EC0-301F-11D3-BF4B-00C04F79EFBC}") = "Unity.VSCode.Editor", "Unity.VSCode.Editor.csproj", "{09D6EB9C-C633-A862-FF7E-BF12A690A9B5}"
EndProject
Project("{FAE04EC0-301F-11D3-BF4B-00C04F79EFBC}") = "Unity.2D.Common.Editor", "Unity.2D.Common.Editor.csproj", "{5278201D-5741-C705-ACBC-FFE9C36F1CFF}"
EndProject
Project("{FAE04EC0-301F-11D3-BF4B-00C04F79EFBC}") = "Unity.CollabProxy.Editor", "Unity.CollabProxy.Editor.csproj", "{7347484E-E768-A6E6-AE70-8D791E9C0715}"
EndProject
Project("{FAE04EC0-301F-11D3-BF4B-00C04F79EFBC}") = "Unity.Mathematics.Editor", "Unity.Mathematics.Editor.csproj", "{A18CB8C9-A013-00A1-7168-433342DCD269}"
EndProject
Project("{FAE04EC0-301F-11D3-BF4B-00C04F79EFBC}") = "Unity.InternalAPIEditorBridge.001", "Unity.InternalAPIEditorBridge.001.csproj", "{33EF08A3-A636-DD03-B04D-40D267BCDAC4}"
EndProject
Project("{FAE04EC0-301F-11D3-BF4B-00C04F79EFBC}") = "Unity.2D.Tilemap.Extras.Editor", "Unity.2D.Tilemap.Extras.Editor.csproj", "{406CC369-AF2F-8255-2881-AACAF1202D05}"
EndProject
Project("{FAE04EC0-301F-11D3-BF4B-00C04F79EFBC}") = "Unity.VisualScripting.Shared.Editor", "Unity.VisualScripting.Shared.Editor.csproj", "{1DAABE2F-1913-BAE5-CB4A-C4415940CFCE}"
EndProject
Project("{FAE04EC0-301F-11D3-BF4B-00C04F79EFBC}") = "Unity.2D.Aseprite.Common", "Unity.2D.Aseprite.Common.csproj", "{023A92E9-1BD1-FF62-08D2-E68F83E20CD3}"
EndProject
Global
	GlobalSection(SolutionConfigurationPlatforms) = preSolution
		Debug|Any CPU = Debug|Any CPU
		Release|Any CPU = Release|Any CPU
	EndGlobalSection
	GlobalSection(ProjectConfigurationPlatforms) = postSolution
		{0F75EA05-B4C8-ABBF-7B28-62666D3C66E7}.Debug|Any CPU.ActiveCfg = Debug|Any CPU
		{0F75EA05-B4C8-ABBF-7B28-62666D3C66E7}.Debug|Any CPU.Build.0 = Debug|Any CPU
		{0F75EA05-B4C8-ABBF-7B28-62666D3C66E7}.Release|Any CPU.ActiveCfg = Release|Any CPU
		{0F75EA05-B4C8-ABBF-7B28-62666D3C66E7}.Release|Any CPU.Build.0 = Release|Any CPU
		{A626B7B5-7652-898C-8512-7D9B9648409F}.Debug|Any CPU.ActiveCfg = Debug|Any CPU
		{A626B7B5-7652-898C-8512-7D9B9648409F}.Debug|Any CPU.Build.0 = Debug|Any CPU
		{A626B7B5-7652-898C-8512-7D9B9648409F}.Release|Any CPU.ActiveCfg = Release|Any CPU
		{A626B7B5-7652-898C-8512-7D9B9648409F}.Release|Any CPU.Build.0 = Release|Any CPU
		{472165C2-299A-E2E2-256F-048E2F0D4E79}.Debug|Any CPU.ActiveCfg = Debug|Any CPU
		{472165C2-299A-E2E2-256F-048E2F0D4E79}.Debug|Any CPU.Build.0 = Debug|Any CPU
		{472165C2-299A-E2E2-256F-048E2F0D4E79}.Release|Any CPU.ActiveCfg = Release|Any CPU
		{472165C2-299A-E2E2-256F-048E2F0D4E79}.Release|Any CPU.Build.0 = Release|Any CPU
		{97995C23-689C-8BEA-10AA-3C9829E77D3E}.Debug|Any CPU.ActiveCfg = Debug|Any CPU
		{97995C23-689C-8BEA-10AA-3C9829E77D3E}.Debug|Any CPU.Build.0 = Debug|Any CPU
		{97995C23-689C-8BEA-10AA-3C9829E77D3E}.Release|Any CPU.ActiveCfg = Release|Any CPU
		{97995C23-689C-8BEA-10AA-3C9829E77D3E}.Release|Any CPU.Build.0 = Release|Any CPU
		{1C25AA80-5D69-1C71-D100-CB486238D599}.Debug|Any CPU.ActiveCfg = Debug|Any CPU
		{1C25AA80-5D69-1C71-D100-CB486238D599}.Debug|Any CPU.Build.0 = Debug|Any CPU
		{1C25AA80-5D69-1C71-D100-CB486238D599}.Release|Any CPU.ActiveCfg = Release|Any CPU
		{1C25AA80-5D69-1C71-D100-CB486238D599}.Release|Any CPU.Build.0 = Release|Any CPU
		{EC5D895B-CE7D-64F4-B241-3AFC33D25EFC}.Debug|Any CPU.ActiveCfg = Debug|Any CPU
		{EC5D895B-CE7D-64F4-B241-3AFC33D25EFC}.Debug|Any CPU.Build.0 = Debug|Any CPU
		{EC5D895B-CE7D-64F4-B241-3AFC33D25EFC}.Release|Any CPU.ActiveCfg = Release|Any CPU
		{EC5D895B-CE7D-64F4-B241-3AFC33D25EFC}.Release|Any CPU.Build.0 = Release|Any CPU
		{EB908A11-BDED-8916-4EDC-00DD23D0089B}.Debug|Any CPU.ActiveCfg = Debug|Any CPU
		{EB908A11-BDED-8916-4EDC-00DD23D0089B}.Debug|Any CPU.Build.0 = Debug|Any CPU
		{EB908A11-BDED-8916-4EDC-00DD23D0089B}.Release|Any CPU.ActiveCfg = Release|Any CPU
		{EB908A11-BDED-8916-4EDC-00DD23D0089B}.Release|Any CPU.Build.0 = Release|Any CPU
		{EBFFF2D4-6561-E854-5978-9A37956A97D8}.Debug|Any CPU.ActiveCfg = Debug|Any CPU
		{EBFFF2D4-6561-E854-5978-9A37956A97D8}.Debug|Any CPU.Build.0 = Debug|Any CPU
		{EBFFF2D4-6561-E854-5978-9A37956A97D8}.Release|Any CPU.ActiveCfg = Release|Any CPU
		{EBFFF2D4-6561-E854-5978-9A37956A97D8}.Release|Any CPU.Build.0 = Release|Any CPU
		{CFCF7507-78B0-C2B6-0C67-FFFFDCAFD5FA}.Debug|Any CPU.ActiveCfg = Debug|Any CPU
		{CFCF7507-78B0-C2B6-0C67-FFFFDCAFD5FA}.Debug|Any CPU.Build.0 = Debug|Any CPU
		{CFCF7507-78B0-C2B6-0C67-FFFFDCAFD5FA}.Release|Any CPU.ActiveCfg = Release|Any CPU
		{CFCF7507-78B0-C2B6-0C67-FFFFDCAFD5FA}.Release|Any CPU.Build.0 = Release|Any CPU
		{D5BA0B87-BD62-B9A2-5056-560AA71A734D}.Debug|Any CPU.ActiveCfg = Debug|Any CPU
		{D5BA0B87-BD62-B9A2-5056-560AA71A734D}.Debug|Any CPU.Build.0 = Debug|Any CPU
		{D5BA0B87-BD62-B9A2-5056-560AA71A734D}.Release|Any CPU.ActiveCfg = Release|Any CPU
		{D5BA0B87-BD62-B9A2-5056-560AA71A734D}.Release|Any CPU.Build.0 = Release|Any CPU
		{B2B0BE31-91CE-F0BE-E6DD-1BF42B3E1816}.Debug|Any CPU.ActiveCfg = Debug|Any CPU
		{B2B0BE31-91CE-F0BE-E6DD-1BF42B3E1816}.Debug|Any CPU.Build.0 = Debug|Any CPU
		{B2B0BE31-91CE-F0BE-E6DD-1BF42B3E1816}.Release|Any CPU.ActiveCfg = Release|Any CPU
		{B2B0BE31-91CE-F0BE-E6DD-1BF42B3E1816}.Release|Any CPU.Build.0 = Release|Any CPU
		{31FAB445-FC6F-5E57-02AB-71FBFCCB5574}.Debug|Any CPU.ActiveCfg = Debug|Any CPU
		{31FAB445-FC6F-5E57-02AB-71FBFCCB5574}.Debug|Any CPU.Build.0 = Debug|Any CPU
		{31FAB445-FC6F-5E57-02AB-71FBFCCB5574}.Release|Any CPU.ActiveCfg = Release|Any CPU
		{31FAB445-FC6F-5E57-02AB-71FBFCCB5574}.Release|Any CPU.Build.0 = Release|Any CPU
		{CEC56F7A-DD17-8931-F3CB-5DEF2E1EC34D}.Debug|Any CPU.ActiveCfg = Debug|Any CPU
		{CEC56F7A-DD17-8931-F3CB-5DEF2E1EC34D}.Debug|Any CPU.Build.0 = Debug|Any CPU
		{CEC56F7A-DD17-8931-F3CB-5DEF2E1EC34D}.Release|Any CPU.ActiveCfg = Release|Any CPU
		{CEC56F7A-DD17-8931-F3CB-5DEF2E1EC34D}.Release|Any CPU.Build.0 = Release|Any CPU
		{D052478F-5033-F1D7-B4E3-CE06908A3AD6}.Debug|Any CPU.ActiveCfg = Debug|Any CPU
		{D052478F-5033-F1D7-B4E3-CE06908A3AD6}.Debug|Any CPU.Build.0 = Debug|Any CPU
		{D052478F-5033-F1D7-B4E3-CE06908A3AD6}.Release|Any CPU.ActiveCfg = Release|Any CPU
		{D052478F-5033-F1D7-B4E3-CE06908A3AD6}.Release|Any CPU.Build.0 = Release|Any CPU
		{AF114435-19E9-9D69-091E-5DF74074EA58}.Debug|Any CPU.ActiveCfg = Debug|Any CPU
		{AF114435-19E9-9D69-091E-5DF74074EA58}.Debug|Any CPU.Build.0 = Debug|Any CPU
		{AF114435-19E9-9D69-091E-5DF74074EA58}.Release|Any CPU.ActiveCfg = Release|Any CPU
		{AF114435-19E9-9D69-091E-5DF74074EA58}.Release|Any CPU.Build.0 = Release|Any CPU
		{2626396C-461E-E4BA-5A07-C9AD90D770DB}.Debug|Any CPU.ActiveCfg = Debug|Any CPU
		{2626396C-461E-E4BA-5A07-C9AD90D770DB}.Debug|Any CPU.Build.0 = Debug|Any CPU
		{2626396C-461E-E4BA-5A07-C9AD90D770DB}.Release|Any CPU.ActiveCfg = Release|Any CPU
		{2626396C-461E-E4BA-5A07-C9AD90D770DB}.Release|Any CPU.Build.0 = Release|Any CPU
		{5FC94124-438B-CF77-A84A-CD2FC8A2D25E}.Debug|Any CPU.ActiveCfg = Debug|Any CPU
		{5FC94124-438B-CF77-A84A-CD2FC8A2D25E}.Debug|Any CPU.Build.0 = Debug|Any CPU
		{5FC94124-438B-CF77-A84A-CD2FC8A2D25E}.Release|Any CPU.ActiveCfg = Release|Any CPU
		{5FC94124-438B-CF77-A84A-CD2FC8A2D25E}.Release|Any CPU.Build.0 = Release|Any CPU
		{CD6A6AF8-C75F-B429-A06C-8D2304C6F376}.Debug|Any CPU.ActiveCfg = Debug|Any CPU
		{CD6A6AF8-C75F-B429-A06C-8D2304C6F376}.Debug|Any CPU.Build.0 = Debug|Any CPU
		{CD6A6AF8-C75F-B429-A06C-8D2304C6F376}.Release|Any CPU.ActiveCfg = Release|Any CPU
		{CD6A6AF8-C75F-B429-A06C-8D2304C6F376}.Release|Any CPU.Build.0 = Release|Any CPU
		{36F0F3AE-BEC1-3B87-D048-C6DAA806560A}.Debug|Any CPU.ActiveCfg = Debug|Any CPU
		{36F0F3AE-BEC1-3B87-D048-C6DAA806560A}.Debug|Any CPU.Build.0 = Debug|Any CPU
		{36F0F3AE-BEC1-3B87-D048-C6DAA806560A}.Release|Any CPU.ActiveCfg = Release|Any CPU
		{36F0F3AE-BEC1-3B87-D048-C6DAA806560A}.Release|Any CPU.Build.0 = Release|Any CPU
		{1460183D-21D6-E334-6EC4-D2DC6E8218D6}.Debug|Any CPU.ActiveCfg = Debug|Any CPU
		{1460183D-21D6-E334-6EC4-D2DC6E8218D6}.Debug|Any CPU.Build.0 = Debug|Any CPU
		{1460183D-21D6-E334-6EC4-D2DC6E8218D6}.Release|Any CPU.ActiveCfg = Release|Any CPU
		{1460183D-21D6-E334-6EC4-D2DC6E8218D6}.Release|Any CPU.Build.0 = Release|Any CPU
		{158BAC9D-DDC5-A257-FCA0-8E99E850644C}.Debug|Any CPU.ActiveCfg = Debug|Any CPU
		{158BAC9D-DDC5-A257-FCA0-8E99E850644C}.Debug|Any CPU.Build.0 = Debug|Any CPU
		{158BAC9D-DDC5-A257-FCA0-8E99E850644C}.Release|Any CPU.ActiveCfg = Release|Any CPU
		{158BAC9D-DDC5-A257-FCA0-8E99E850644C}.Release|Any CPU.Build.0 = Release|Any CPU
		{9B75B939-44A4-9F0A-AD7E-1D264EAF470E}.Debug|Any CPU.ActiveCfg = Debug|Any CPU
		{9B75B939-44A4-9F0A-AD7E-1D264EAF470E}.Debug|Any CPU.Build.0 = Debug|Any CPU
		{9B75B939-44A4-9F0A-AD7E-1D264EAF470E}.Release|Any CPU.ActiveCfg = Release|Any CPU
		{9B75B939-44A4-9F0A-AD7E-1D264EAF470E}.Release|Any CPU.Build.0 = Release|Any CPU
		{7705E95D-1845-6269-4B9F-F518FACDDF94}.Debug|Any CPU.ActiveCfg = Debug|Any CPU
		{7705E95D-1845-6269-4B9F-F518FACDDF94}.Debug|Any CPU.Build.0 = Debug|Any CPU
		{7705E95D-1845-6269-4B9F-F518FACDDF94}.Release|Any CPU.ActiveCfg = Release|Any CPU
		{7705E95D-1845-6269-4B9F-F518FACDDF94}.Release|Any CPU.Build.0 = Release|Any CPU
		{49B157F6-DE1B-3C86-F4BB-21CB416C3FD6}.Debug|Any CPU.ActiveCfg = Debug|Any CPU
		{49B157F6-DE1B-3C86-F4BB-21CB416C3FD6}.Debug|Any CPU.Build.0 = Debug|Any CPU
		{49B157F6-DE1B-3C86-F4BB-21CB416C3FD6}.Release|Any CPU.ActiveCfg = Release|Any CPU
		{49B157F6-DE1B-3C86-F4BB-21CB416C3FD6}.Release|Any CPU.Build.0 = Release|Any CPU
		{80430A6D-5474-7D3E-2278-30194A86F82E}.Debug|Any CPU.ActiveCfg = Debug|Any CPU
		{80430A6D-5474-7D3E-2278-30194A86F82E}.Debug|Any CPU.Build.0 = Debug|Any CPU
		{80430A6D-5474-7D3E-2278-30194A86F82E}.Release|Any CPU.ActiveCfg = Release|Any CPU
		{80430A6D-5474-7D3E-2278-30194A86F82E}.Release|Any CPU.Build.0 = Release|Any CPU
		{F9AD89AF-78A5-37F0-7155-5DA6176BF441}.Debug|Any CPU.ActiveCfg = Debug|Any CPU
		{F9AD89AF-78A5-37F0-7155-5DA6176BF441}.Debug|Any CPU.Build.0 = Debug|Any CPU
		{F9AD89AF-78A5-37F0-7155-5DA6176BF441}.Release|Any CPU.ActiveCfg = Release|Any CPU
		{F9AD89AF-78A5-37F0-7155-5DA6176BF441}.Release|Any CPU.Build.0 = Release|Any CPU
		{EEA56F63-A0FE-D880-A886-224190A37679}.Debug|Any CPU.ActiveCfg = Debug|Any CPU
		{EEA56F63-A0FE-D880-A886-224190A37679}.Debug|Any CPU.Build.0 = Debug|Any CPU
		{EEA56F63-A0FE-D880-A886-224190A37679}.Release|Any CPU.ActiveCfg = Release|Any CPU
		{EEA56F63-A0FE-D880-A886-224190A37679}.Release|Any CPU.Build.0 = Release|Any CPU
		{F552B9B5-232B-4C1A-9FEC-31663355C569}.Debug|Any CPU.ActiveCfg = Debug|Any CPU
		{F552B9B5-232B-4C1A-9FEC-31663355C569}.Debug|Any CPU.Build.0 = Debug|Any CPU
		{F552B9B5-232B-4C1A-9FEC-31663355C569}.Release|Any CPU.ActiveCfg = Release|Any CPU
		{F552B9B5-232B-4C1A-9FEC-31663355C569}.Release|Any CPU.Build.0 = Release|Any CPU
		{57D854E4-734F-393B-9AFC-65CED33549F1}.Debug|Any CPU.ActiveCfg = Debug|Any CPU
		{57D854E4-734F-393B-9AFC-65CED33549F1}.Debug|Any CPU.Build.0 = Debug|Any CPU
		{57D854E4-734F-393B-9AFC-65CED33549F1}.Release|Any CPU.ActiveCfg = Release|Any CPU
		{57D854E4-734F-393B-9AFC-65CED33549F1}.Release|Any CPU.Build.0 = Release|Any CPU
		{9B49274C-9631-08CE-40D9-A67A17C025BF}.Debug|Any CPU.ActiveCfg = Debug|Any CPU
		{9B49274C-9631-08CE-40D9-A67A17C025BF}.Debug|Any CPU.Build.0 = Debug|Any CPU
		{9B49274C-9631-08CE-40D9-A67A17C025BF}.Release|Any CPU.ActiveCfg = Release|Any CPU
		{9B49274C-9631-08CE-40D9-A67A17C025BF}.Release|Any CPU.Build.0 = Release|Any CPU
		{87CDBC08-0C85-15A6-8B39-D5C421631B05}.Debug|Any CPU.ActiveCfg = Debug|Any CPU
		{87CDBC08-0C85-15A6-8B39-D5C421631B05}.Debug|Any CPU.Build.0 = Debug|Any CPU
		{87CDBC08-0C85-15A6-8B39-D5C421631B05}.Release|Any CPU.ActiveCfg = Release|Any CPU
		{87CDBC08-0C85-15A6-8B39-D5C421631B05}.Release|Any CPU.Build.0 = Release|Any CPU
		{28730055-70F0-B525-3AC6-DE3FF04757A6}.Debug|Any CPU.ActiveCfg = Debug|Any CPU
		{28730055-70F0-B525-3AC6-DE3FF04757A6}.Debug|Any CPU.Build.0 = Debug|Any CPU
		{28730055-70F0-B525-3AC6-DE3FF04757A6}.Release|Any CPU.ActiveCfg = Release|Any CPU
		{28730055-70F0-B525-3AC6-DE3FF04757A6}.Release|Any CPU.Build.0 = Release|Any CPU
		{20655C5A-E1BE-760E-46C1-E2727DA32C82}.Debug|Any CPU.ActiveCfg = Debug|Any CPU
		{20655C5A-E1BE-760E-46C1-E2727DA32C82}.Debug|Any CPU.Build.0 = Debug|Any CPU
		{20655C5A-E1BE-760E-46C1-E2727DA32C82}.Release|Any CPU.ActiveCfg = Release|Any CPU
		{20655C5A-E1BE-760E-46C1-E2727DA32C82}.Release|Any CPU.Build.0 = Release|Any CPU
		{D3315870-EB90-6304-9CFC-B57A51369CF2}.Debug|Any CPU.ActiveCfg = Debug|Any CPU
		{D3315870-EB90-6304-9CFC-B57A51369CF2}.Debug|Any CPU.Build.0 = Debug|Any CPU
		{D3315870-EB90-6304-9CFC-B57A51369CF2}.Release|Any CPU.ActiveCfg = Release|Any CPU
		{D3315870-EB90-6304-9CFC-B57A51369CF2}.Release|Any CPU.Build.0 = Release|Any CPU
		{268AC1F4-0FAA-3A2F-EF9F-2EF08C58321A}.Debug|Any CPU.ActiveCfg = Debug|Any CPU
		{268AC1F4-0FAA-3A2F-EF9F-2EF08C58321A}.Debug|Any CPU.Build.0 = Debug|Any CPU
		{268AC1F4-0FAA-3A2F-EF9F-2EF08C58321A}.Release|Any CPU.ActiveCfg = Release|Any CPU
		{268AC1F4-0FAA-3A2F-EF9F-2EF08C58321A}.Release|Any CPU.Build.0 = Release|Any CPU
		{28B79D52-33AC-3714-58D3-8F4A3A07CA11}.Debug|Any CPU.ActiveCfg = Debug|Any CPU
		{28B79D52-33AC-3714-58D3-8F4A3A07CA11}.Debug|Any CPU.Build.0 = Debug|Any CPU
		{28B79D52-33AC-3714-58D3-8F4A3A07CA11}.Release|Any CPU.ActiveCfg = Release|Any CPU
		{28B79D52-33AC-3714-58D3-8F4A3A07CA11}.Release|Any CPU.Build.0 = Release|Any CPU
		{09D6EB9C-C633-A862-FF7E-BF12A690A9B5}.Debug|Any CPU.ActiveCfg = Debug|Any CPU
		{09D6EB9C-C633-A862-FF7E-BF12A690A9B5}.Debug|Any CPU.Build.0 = Debug|Any CPU
		{09D6EB9C-C633-A862-FF7E-BF12A690A9B5}.Release|Any CPU.ActiveCfg = Release|Any CPU
		{09D6EB9C-C633-A862-FF7E-BF12A690A9B5}.Release|Any CPU.Build.0 = Release|Any CPU
		{5278201D-5741-C705-ACBC-FFE9C36F1CFF}.Debug|Any CPU.ActiveCfg = Debug|Any CPU
		{5278201D-5741-C705-ACBC-FFE9C36F1CFF}.Debug|Any CPU.Build.0 = Debug|Any CPU
		{5278201D-5741-C705-ACBC-FFE9C36F1CFF}.Release|Any CPU.ActiveCfg = Release|Any CPU
		{5278201D-5741-C705-ACBC-FFE9C36F1CFF}.Release|Any CPU.Build.0 = Release|Any CPU
		{7347484E-E768-A6E6-AE70-8D791E9C0715}.Debug|Any CPU.ActiveCfg = Debug|Any CPU
		{7347484E-E768-A6E6-AE70-8D791E9C0715}.Debug|Any CPU.Build.0 = Debug|Any CPU
		{7347484E-E768-A6E6-AE70-8D791E9C0715}.Release|Any CPU.ActiveCfg = Release|Any CPU
		{7347484E-E768-A6E6-AE70-8D791E9C0715}.Release|Any CPU.Build.0 = Release|Any CPU
		{A18CB8C9-A013-00A1-7168-433342DCD269}.Debug|Any CPU.ActiveCfg = Debug|Any CPU
		{A18CB8C9-A013-00A1-7168-433342DCD269}.Debug|Any CPU.Build.0 = Debug|Any CPU
		{A18CB8C9-A013-00A1-7168-433342DCD269}.Release|Any CPU.ActiveCfg = Release|Any CPU
		{A18CB8C9-A013-00A1-7168-433342DCD269}.Release|Any CPU.Build.0 = Release|Any CPU
		{33EF08A3-A636-DD03-B04D-40D267BCDAC4}.Debug|Any CPU.ActiveCfg = Debug|Any CPU
		{33EF08A3-A636-DD03-B04D-40D267BCDAC4}.Debug|Any CPU.Build.0 = Debug|Any CPU
		{33EF08A3-A636-DD03-B04D-40D267BCDAC4}.Release|Any CPU.ActiveCfg = Release|Any CPU
		{33EF08A3-A636-DD03-B04D-40D267BCDAC4}.Release|Any CPU.Build.0 = Release|Any CPU
		{406CC369-AF2F-8255-2881-AACAF1202D05}.Debug|Any CPU.ActiveCfg = Debug|Any CPU
		{406CC369-AF2F-8255-2881-AACAF1202D05}.Debug|Any CPU.Build.0 = Debug|Any CPU
		{406CC369-AF2F-8255-2881-AACAF1202D05}.Release|Any CPU.ActiveCfg = Release|Any CPU
		{406CC369-AF2F-8255-2881-AACAF1202D05}.Release|Any CPU.Build.0 = Release|Any CPU
		{1DAABE2F-1913-BAE5-CB4A-C4415940CFCE}.Debug|Any CPU.ActiveCfg = Debug|Any CPU
		{1DAABE2F-1913-BAE5-CB4A-C4415940CFCE}.Debug|Any CPU.Build.0 = Debug|Any CPU
		{1DAABE2F-1913-BAE5-CB4A-C4415940CFCE}.Release|Any CPU.ActiveCfg = Release|Any CPU
		{1DAABE2F-1913-BAE5-CB4A-C4415940CFCE}.Release|Any CPU.Build.0 = Release|Any CPU
		{023A92E9-1BD1-FF62-08D2-E68F83E20CD3}.Debug|Any CPU.ActiveCfg = Debug|Any CPU
		{023A92E9-1BD1-FF62-08D2-E68F83E20CD3}.Debug|Any CPU.Build.0 = Debug|Any CPU
		{023A92E9-1BD1-FF62-08D2-E68F83E20CD3}.Release|Any CPU.ActiveCfg = Release|Any CPU
		{023A92E9-1BD1-FF62-08D2-E68F83E20CD3}.Release|Any CPU.Build.0 = Release|Any CPU
	EndGlobalSection
	GlobalSection(SolutionProperties) = preSolution
		HideSolutionNode = FALSE
	EndGlobalSection
EndGlobal
